// !$*UTF8*$!
{
	archiveVersion = 1;
	classes = {
	};
	objectVersion = 46;
	objects = {

/* Begin PBXBuildFile section */
		B28BF9FF1DDEC642008167BC /* AppDelegate.swift in Sources */ = {isa = PBXBuildFile; fileRef = B28BF9FE1DDEC642008167BC /* AppDelegate.swift */; };
		B28BFA011DDEC642008167BC /* ViewController.swift in Sources */ = {isa = PBXBuildFile; fileRef = B28BFA001DDEC642008167BC /* ViewController.swift */; };
		B28BFA041DDEC642008167BC /* Main.storyboard in Resources */ = {isa = PBXBuildFile; fileRef = B28BFA021DDEC642008167BC /* Main.storyboard */; };
		B28BFA071DDEC642008167BC /* fireswiffer.xcdatamodeld in Sources */ = {isa = PBXBuildFile; fileRef = B28BFA051DDEC642008167BC /* fireswiffer.xcdatamodeld */; };
		B28BFA091DDEC643008167BC /* Assets.xcassets in Resources */ = {isa = PBXBuildFile; fileRef = B28BFA081DDEC643008167BC /* Assets.xcassets */; };
		B28BFA0C1DDEC643008167BC /* LaunchScreen.storyboard in Resources */ = {isa = PBXBuildFile; fileRef = B28BFA0A1DDEC643008167BC /* LaunchScreen.storyboard */; };
/* End PBXBuildFile section */

/* Begin PBXFileReference section */
		B28BF9FB1DDEC642008167BC /* fireswiffer.app */ = {isa = PBXFileReference; explicitFileType = wrapper.application; includeInIndex = 0; path = fireswiffer.app; sourceTree = BUILT_PRODUCTS_DIR; };
		B28BF9FE1DDEC642008167BC /* AppDelegate.swift */ = {isa = PBXFileReference; lastKnownFileType = sourcecode.swift; path = AppDelegate.swift; sourceTree = "<group>"; };
		B28BFA001DDEC642008167BC /* ViewController.swift */ = {isa = PBXFileReference; lastKnownFileType = sourcecode.swift; path = ViewController.swift; sourceTree = "<group>"; };
		B28BFA031DDEC642008167BC /* Base */ = {isa = PBXFileReference; lastKnownFileType = file.storyboard; name = Base; path = Base.lproj/Main.storyboard; sourceTree = "<group>"; };
		B28BFA061DDEC642008167BC /* fireswiffer.xcdatamodel */ = {isa = PBXFileReference; lastKnownFileType = wrapper.xcdatamodel; path = fireswiffer.xcdatamodel; sourceTree = "<group>"; };
		B28BFA081DDEC643008167BC /* Assets.xcassets */ = {isa = PBXFileReference; lastKnownFileType = folder.assetcatalog; path = Assets.xcassets; sourceTree = "<group>"; };
		B28BFA0B1DDEC643008167BC /* Base */ = {isa = PBXFileReference; lastKnownFileType = file.storyboard; name = Base; path = Base.lproj/LaunchScreen.storyboard; sourceTree = "<group>"; };
		B28BFA0D1DDEC643008167BC /* Info.plist */ = {isa = PBXFileReference; lastKnownFileType = text.plist.xml; path = Info.plist; sourceTree = "<group>"; };
/* End PBXFileReference section */

/* Begin PBXFrameworksBuildPhase section */
		B28BF9F81DDEC642008167BC /* Frameworks */ = {
			isa = PBXFrameworksBuildPhase;
			buildActionMask = 2147483647;
			files = (
			);
			runOnlyForDeploymentPostprocessing = 0;
		};
/* End PBXFrameworksBuildPhase section */

/* Begin PBXGroup section */
		B28BF9F21DDEC642008167BC = {
			isa = PBXGroup;
			children = (
				B28BF9FD1DDEC642008167BC /* fireswiffer */,
				B28BF9FC1DDEC642008167BC /* Products */,
			);
			sourceTree = "<group>";
		};
		B28BF9FC1DDEC642008167BC /* Products */ = {
			isa = PBXGroup;
			children = (
				B28BF9FB1DDEC642008167BC /* fireswiffer.app */,
			);
			name = Products;
			sourceTree = "<group>";
		};
		B28BF9FD1DDEC642008167BC /* fireswiffer */ = {
			isa = PBXGroup;
			children = (
				B28BF9FE1DDEC642008167BC /* AppDelegate.swift */,
				B28BFA001DDEC642008167BC /* ViewController.swift */,
				B28BFA021DDEC642008167BC /* Main.storyboard */,
				B28BFA081DDEC643008167BC /* Assets.xcassets */,
				B28BFA0A1DDEC643008167BC /* LaunchScreen.storyboard */,
				B28BFA0D1DDEC643008167BC /* Info.plist */,
				B28BFA051DDEC642008167BC /* fireswiffer.xcdatamodeld */,
			);
			path = fireswiffer;
			sourceTree = "<group>";
		};
/* End PBXGroup section */

/* Begin PBXNativeTarget section */
		B28BF9FA1DDEC642008167BC /* fireswiffer */ = {
			isa = PBXNativeTarget;
			buildConfigurationList = B28BFA101DDEC643008167BC /* Build configuration list for PBXNativeTarget "fireswiffer" */;
			buildPhases = (
				B28BF9F71DDEC642008167BC /* Sources */,
				B28BF9F81DDEC642008167BC /* Frameworks */,
				B28BF9F91DDEC642008167BC /* Resources */,
			);
			buildRules = (
			);
			dependencies = (
			);
			name = fireswiffer;
			productName = fireswiffer;
			productReference = B28BF9FB1DDEC642008167BC /* fireswiffer.app */;
			productType = "com.apple.product-type.application";
		};
/* End PBXNativeTarget section */

/* Begin PBXProject section */
		B28BF9F31DDEC642008167BC /* Project object */ = {
			isa = PBXProject;
			attributes = {
				LastSwiftUpdateCheck = 0800;
				LastUpgradeCheck = 0800;
				ORGANIZATIONNAME = "Will Garner";
				TargetAttributes = {
					B28BF9FA1DDEC642008167BC = {
						CreatedOnToolsVersion = 8.0;
						DevelopmentTeam = SK2ZM3X36D;
						ProvisioningStyle = Automatic;
					};
				};
			};
			buildConfigurationList = B28BF9F61DDEC642008167BC /* Build configuration list for PBXProject "fireswiffer" */;
			compatibilityVersion = "Xcode 3.2";
			developmentRegion = English;
			hasScannedForEncodings = 0;
			knownRegions = (
				en,
				Base,
			);
			mainGroup = B28BF9F21DDEC642008167BC;
			productRefGroup = B28BF9FC1DDEC642008167BC /* Products */;
			projectDirPath = "";
			projectRoot = "";
			targets = (
				B28BF9FA1DDEC642008167BC /* fireswiffer */,
			);
		};
/* End PBXProject section */

/* Begin PBXResourcesBuildPhase section */
		B28BF9F91DDEC642008167BC /* Resources */ = {
			isa = PBXResourcesBuildPhase;
			buildActionMask = 2147483647;
			files = (
				B28BFA0C1DDEC643008167BC /* LaunchScreen.storyboard in Resources */,
				B28BFA091DDEC643008167BC /* Assets.xcassets in Resources */,
				B28BFA041DDEC642008167BC /* Main.storyboard in Resources */,
			);
			runOnlyForDeploymentPostprocessing = 0;
		};
/* End PBXResourcesBuildPhase section */

/* Begin PBXSourcesBuildPhase section */
		B28BF9F71DDEC642008167BC /* Sources */ = {
			isa = PBXSourcesBuildPhase;
			buildActionMask = 2147483647;
			files = (
				B28BFA011DDEC642008167BC /* ViewController.swift in Sources */,
				B28BFA071DDEC642008167BC /* fireswiffer.xcdatamodeld in Sources */,
				B28BF9FF1DDEC642008167BC /* AppDelegate.swift in Sources */,
			);
			runOnlyForDeploymentPostprocessing = 0;
		};
/* End PBXSourcesBuildPhase section */

/* Begin PBXVariantGroup section */
		B28BFA021DDEC642008167BC /* Main.storyboard */ = {
			isa = PBXVariantGroup;
			children = (
				B28BFA031DDEC642008167BC /* Base */,
			);
			name = Main.storyboard;
			sourceTree = "<group>";
		};
		B28BFA0A1DDEC643008167BC /* LaunchScreen.storyboard */ = {
			isa = PBXVariantGroup;
			children = (
				B28BFA0B1DDEC643008167BC /* Base */,
			);
			name = LaunchScreen.storyboard;
			sourceTree = "<group>";
		};
/* End PBXVariantGroup section */

/* Begin XCBuildConfiguration section */
		B28BFA0E1DDEC643008167BC /* Debug */ = {
			isa = XCBuildConfiguration;
			buildSettings = {
				ALWAYS_SEARCH_USER_PATHS = NO;
				CLANG_ANALYZER_NONNULL = YES;
				CLANG_CXX_LANGUAGE_STANDARD = "gnu++0x";
				CLANG_CXX_LIBRARY = "libc++";
				CLANG_ENABLE_MODULES = YES;
				CLANG_ENABLE_OBJC_ARC = YES;
				CLANG_WARN_BOOL_CONVERSION = YES;
				CLANG_WARN_CONSTANT_CONVERSION = YES;
				CLANG_WARN_DIRECT_OBJC_ISA_USAGE = YES_ERROR;
				CLANG_WARN_DOCUMENTATION_COMMENTS = YES;
				CLANG_WARN_EMPTY_BODY = YES;
				CLANG_WARN_ENUM_CONVERSION = YES;
				CLANG_WARN_INFINITE_RECURSION = YES;
				CLANG_WARN_INT_CONVERSION = YES;
				CLANG_WARN_OBJC_ROOT_CLASS = YES_ERROR;
				CLANG_WARN_SUSPICIOUS_MOVES = YES;
				CLANG_WARN_UNREACHABLE_CODE = YES;
				CLANG_WARN__DUPLICATE_METHOD_MATCH = YES;
				"CODE_SIGN_IDENTITY[sdk=iphoneos*]" = "iPhone Developer";
				COPY_PHASE_STRIP = NO;
				DEBUG_INFORMATION_FORMAT = dwarf;
				ENABLE_STRICT_OBJC_MSGSEND = YES;
				ENABLE_TESTABILITY = YES;
				GCC_C_LANGUAGE_STANDARD = gnu99;
				GCC_DYNAMIC_NO_PIC = NO;
				GCC_NO_COMMON_BLOCKS = YES;
				GCC_OPTIMIZATION_LEVEL = 0;
				GCC_PREPROCESSOR_DEFINITIONS = (
					"DEBUG=1",
					"$(inherited)",
				);
				GCC_WARN_64_TO_32_BIT_CONVERSION = YES;
				GCC_WARN_ABOUT_RETURN_TYPE = YES_ERROR;
				GCC_WARN_UNDECLARED_SELECTOR = YES;
				GCC_WARN_UNINITIALIZED_AUTOS = YES_AGGRESSIVE;
				GCC_WARN_UNUSED_FUNCTION = YES;
				GCC_WARN_UNUSED_VARIABLE = YES;
				IPHONEOS_DEPLOYMENT_TARGET = 10.0;
				MTL_ENABLE_DEBUG_INFO = YES;
				ONLY_ACTIVE_ARCH = YES;
				SDKROOT = iphoneos;
				SWIFT_ACTIVE_COMPILATION_CONDITIONS = DEBUG;
				SWIFT_OPTIMIZATION_LEVEL = "-Onone";
				TARGETED_DEVICE_FAMILY = "1,2";
			};
			name = Debug;
		};
		B28BFA0F1DDEC643008167BC /* Release */ = {
			isa = XCBuildConfiguration;
			buildSettings = {
				ALWAYS_SEARCH_USER_PATHS = NO;
				CLANG_ANALYZER_NONNULL = YES;
				CLANG_CXX_LANGUAGE_STANDARD = "gnu++0x";
				CLANG_CXX_LIBRARY = "libc++";
				CLANG_ENABLE_MODULES = YES;
				CLANG_ENABLE_OBJC_ARC = YES;
				CLANG_WARN_BOOL_CONVERSION = YES;
				CLANG_WARN_CONSTANT_CONVERSION = YES;
				CLANG_WARN_DIRECT_OBJC_ISA_USAGE = YES_ERROR;
				CLANG_WARN_DOCUMENTATION_COMMENTS = YES;
				CLANG_WARN_EMPTY_BODY = YES;
				CLANG_WARN_ENUM_CONVERSION = YES;
				CLANG_WARN_INFINITE_RECURSION = YES;
				CLANG_WARN_INT_CONVERSION = YES;
				CLANG_WARN_OBJC_ROOT_CLASS = YES_ERROR;
				CLANG_WARN_SUSPICIOUS_MOVES = YES;
				CLANG_WARN_UNREACHABLE_CODE = YES;
				CLANG_WARN__DUPLICATE_METHOD_MATCH = YES;
				"CODE_SIGN_IDENTITY[sdk=iphoneos*]" = "iPhone Developer";
				COPY_PHASE_STRIP = NO;
				DEBUG_INFORMATION_FORMAT = "dwarf-with-dsym";
				ENABLE_NS_ASSERTIONS = NO;
				ENABLE_STRICT_OBJC_MSGSEND = YES;
				GCC_C_LANGUAGE_STANDARD = gnu99;
				GCC_NO_COMMON_BLOCKS = YES;
				GCC_WARN_64_TO_32_BIT_CONVERSION = YES;
				GCC_WARN_ABOUT_RETURN_TYPE = YES_ERROR;
				GCC_WARN_UNDECLARED_SELECTOR = YES;
				GCC_WARN_UNINITIALIZED_AUTOS = YES_AGGRESSIVE;
				GCC_WARN_UNUSED_FUNCTION = YES;
				GCC_WARN_UNUSED_VARIABLE = YES;
				IPHONEOS_DEPLOYMENT_TARGET = 10.0;
				MTL_ENABLE_DEBUG_INFO = NO;
				SDKROOT = iphoneos;
				SWIFT_OPTIMIZATION_LEVEL = "-Owholemodule";
				TARGETED_DEVICE_FAMILY = "1,2";
				VALIDATE_PRODUCT = YES;
			};
			name = Release;
		};
		B28BFA111DDEC643008167BC /* Debug */ = {
			isa = XCBuildConfiguration;
			buildSettings = {
				ASSETCATALOG_COMPILER_APPICON_NAME = AppIcon;
				DEVELOPMENT_TEAM = SK2ZM3X36D;
				INFOPLIST_FILE = fireswiffer/Info.plist;
				LD_RUNPATH_SEARCH_PATHS = "$(inherited) @executable_path/Frameworks";
				PRODUCT_BUNDLE_IDENTIFIER = com.antigravitystudios.fireswiffer;
				PRODUCT_NAME = "$(TARGET_NAME)";
				SWIFT_VERSION = 3.0;
			};
			name = Debug;
		};
		B28BFA121DDEC643008167BC /* Release */ = {
			isa = XCBuildConfiguration;
			buildSettings = {
				ASSETCATALOG_COMPILER_APPICON_NAME = AppIcon;
				DEVELOPMENT_TEAM = SK2ZM3X36D;
				INFOPLIST_FILE = fireswiffer/Info.plist;
				LD_RUNPATH_SEARCH_PATHS = "$(inherited) @executable_path/Frameworks";
				PRODUCT_BUNDLE_IDENTIFIER = com.antigravitystudios.fireswiffer;
				PRODUCT_NAME = "$(TARGET_NAME)";
				SWIFT_VERSION = 3.0;
			};
			name = Release;
		};
/* End XCBuildConfiguration section */

/* Begin XCConfigurationList section */
		B28BF9F61DDEC642008167BC /* Build configuration list for PBXProject "fireswiffer" */ = {
			isa = XCConfigurationList;
			buildConfigurations = (
				B28BFA0E1DDEC643008167BC /* Debug */,
				B28BFA0F1DDEC643008167BC /* Release */,
			);
			defaultConfigurationIsVisible = 0;
			defaultConfigurationName = Release;
		};
		B28BFA101DDEC643008167BC /* Build configuration list for PBXNativeTarget "fireswiffer" */ = {
			isa = XCConfigurationList;
			buildConfigurations = (
				B28BFA111DDEC643008167BC /* Debug */,
				B28BFA121DDEC643008167BC /* Release */,
			);
			defaultConfigurationIsVisible = 0;
		};
/* End XCConfigurationList section */

/* Begin XCVersionGroup section */
		B28BFA051DDEC642008167BC /* fireswiffer.xcdatamodeld */ = {
			isa = XCVersionGroup;
			children = (
				B28BFA061DDEC642008167BC /* fireswiffer.xcdatamodel */,
			);
			currentVersion = B28BFA061DDEC642008167BC /* fireswiffer.xcdatamodel */;
			path = fireswiffer.xcdatamodeld;
			sourceTree = "<group>";
			versionGroupType = wrapper.xcdatamodel;
		};
/* End XCVersionGroup section */
	};
	rootObject = B28BF9F31DDEC642008167BC /* Project object */;
}
